
Microsoft Visual Studio Solution File, Format Version 12.00
# Visual Studio Version 17
VisualStudioVersion = 17.14.37012.4
MinimumVisualStudioVersion = 10.0.40219.1
Project("{8BC9CEB8-8B4A-11D0-8D11-00A0C91BC942}") = "KnotEngine", "KnotEngine\KnotEngine.vcxproj", "{79D2AE40-D0B3-31D2-9C57-8CC3529AF9E6}"
EndProject
Global
	GlobalSection(SolutionConfigurationPlatforms) = preSolution
		Debug|x64 = Debug|x64
		Development|x64 = Development|x64
		Shipping|x64 = Shipping|x64
	EndGlobalSection
	GlobalSection(ProjectConfigurationPlatforms) = postSolution
		{79D2AE40-D0B3-31D2-9C57-8CC3529AF9E6}.Debug|x64.ActiveCfg = Debug|x64
		{79D2AE40-D0B3-31D2-9C57-8CC3529AF9E6}.Debug|x64.Build.0 = Debug|x64
		{79D2AE40-D0B3-31D2-9C57-8CC3529AF9E6}.Development|x64.ActiveCfg = Development|x64
		{79D2AE40-D0B3-31D2-9C57-8CC3529AF9E6}.Development|x64.Build.0 = Development|x64
		{79D2AE40-D0B3-31D2-9C57-8CC3529AF9E6}.Shipping|x64.ActiveCfg = Shipping|x64
		{79D2AE40-D0B3-31D2-9C57-8CC3529AF9E6}.Shipping|x64.Build.0 = Shipping|x64
	EndGlobalSection
	GlobalSection(SolutionProperties) = preSolution
		HideSolutionNode = FALSE
	EndGlobalSection
	GlobalSection(ExtensibilityGlobals) = postSolution
		SolutionGuid = {4EBC5DD2-CECA-4722-9D19-87C7CB5F481B}
	EndGlobalSection
EndGlobal
