<?xml version="1.0" encoding="utf-8"?>
<Project ToolsVersion="4.0" xmlns="http://schemas.microsoft.com/developer/msbuild/2003">
  <ItemGroup>
    <Filter Include="Shaders">
      <UniqueIdentifier>{97623f42-1e0d-5877-7f7d-018e5ba5d44f}</UniqueIdentifier>
    </Filter>
    <Filter Include="Source">
      <UniqueIdentifier>{314f81bf-d6b0-74e3-2a9d-4bbc20966ebe}</UniqueIdentifier>
    </Filter>
    <Filter Include="Source\Core">
      <UniqueIdentifier>{817f88b9-4b2c-f83c-d9b4-6a701efe102b}</UniqueIdentifier>
    </Filter>
    <Filter Include="Source\Engine">
      <UniqueIdentifier>{55df2863-c0d4-5113-919a-fb7268b1146d}</UniqueIdentifier>
    </Filter>
    <Filter Include="Source\Engine\Components">
      <UniqueIdentifier>{b82cbe88-99c9-4556-fa1e-78287302474f}</UniqueIdentifier>
    </Filter>
    <Filter Include="Source\Engine\Render">
      <UniqueIdentifier>{56762063-ab44-f694-9fd9-65fdd18f82d2}</UniqueIdentifier>
    </Filter>
    <Filter Include="ThirdParty">
      <UniqueIdentifier>{a4ff6f49-1f8a-e67b-a9f4-61c07a3cc096}</UniqueIdentifier>
    </Filter>
    <Filter Include="ThirdParty\ImGui">
      <UniqueIdentifier>{6f7a0197-8417-0e60-b399-a9f461b2bb7f}</UniqueIdentifier>
    </Filter>
    <Filter Include="Source\Core\Geometry">
      <UniqueIdentifier>{f195b649-fb8e-468f-b4b8-169d2be54dd7}</UniqueIdentifier>
    </Filter>
  </ItemGroup>
  <ItemGroup>
    <FxCompile Include="Shaders\Common.hlsl">
      <Filter>Shaders</Filter>
    </FxCompile>
  </ItemGroup>
  <ItemGroup>
    <ClCompile Include="Source\Engine\Render\Renderer.cpp">
      <Filter>Source\Engine\Render</Filter>
    </ClCompile>
    <ClCompile Include="ThirdParty\ImGui\imgui.cpp">
      <Filter>ThirdParty\ImGui</Filter>
    </ClCompile>
    <ClCompile Include="ThirdParty\ImGui\imgui_demo.cpp">
      <Filter>ThirdParty\ImGui</Filter>
    </ClCompile>
    <ClCompile Include="ThirdParty\ImGui\imgui_draw.cpp">
      <Filter>ThirdParty\ImGui</Filter>
    </ClCompile>
    <ClCompile Include="ThirdParty\ImGui\imgui_impl_dx11.cpp">
      <Filter>ThirdParty\ImGui</Filter>
    </ClCompile>
    <ClCompile Include="ThirdParty\ImGui\imgui_impl_win32.cpp">
      <Filter>ThirdParty\ImGui</Filter>
    </ClCompile>
    <ClCompile Include="ThirdParty\ImGui\imgui_tables.cpp">
      <Filter>ThirdParty\ImGui</Filter>
    </ClCompile>
    <ClCompile Include="ThirdParty\ImGui\imgui_widgets.cpp">
      <Filter>ThirdParty\ImGui</Filter>
    </ClCompile>
    <ClCompile Include="main.cpp" />
    <ClCompile Include="Source\Core\pch.cpp" />
  </ItemGroup>
  <ItemGroup>
    <ClInclude Include="Source\Core\CoreTypes.h">
      <Filter>Source\Core</Filter>
    </ClInclude>
    <ClInclude Include="Source\Engine\Components\BoxComponent.h">
      <Filter>Source\Engine\Components</Filter>
    </ClInclude>
    <ClInclude Include="Source\Engine\Components\PrimitiveComponent.h">
      <Filter>Source\Engine\Components</Filter>
    </ClInclude>
    <ClInclude Include="Source\Engine\Components\SceneComponent.h">
      <Filter>Source\Engine\Components</Filter>
    </ClInclude>
    <ClInclude Include="Source\Engine\Components\SphereComponent.h">
      <Filter>Source\Engine\Components</Filter>
    </ClInclude>
    <ClInclude Include="Source\Engine\Render\Renderer.h">
      <Filter>Source\Engine\Render</Filter>
    </ClInclude>
    <ClInclude Include="ThirdParty\ImGui\imconfig.h">
      <Filter>ThirdParty\ImGui</Filter>
    </ClInclude>
    <ClInclude Include="ThirdParty\ImGui\imgui.h">
      <Filter>ThirdParty\ImGui</Filter>
    </ClInclude>
    <ClInclude Include="ThirdParty\ImGui\imgui_impl_dx11.h">
      <Filter>ThirdParty\ImGui</Filter>
    </ClInclude>
    <ClInclude Include="ThirdParty\ImGui\imgui_impl_win32.h">
      <Filter>ThirdParty\ImGui</Filter>
    </ClInclude>
    <ClInclude Include="ThirdParty\ImGui\imgui_internal.h">
      <Filter>ThirdParty\ImGui</Filter>
    </ClInclude>
    <ClInclude Include="ThirdParty\ImGui\imstb_rectpack.h">
      <Filter>ThirdParty\ImGui</Filter>
    </ClInclude>
    <ClInclude Include="ThirdParty\ImGui\imstb_textedit.h">
      <Filter>ThirdParty\ImGui</Filter>
    </ClInclude>
    <ClInclude Include="ThirdParty\ImGui\imstb_truetype.h">
      <Filter>ThirdParty\ImGui</Filter>
    </ClInclude>
    <ClInclude Include="Source\Core\Geometry\OBB.h" />
    <ClInclude Include="Source\Core\Math\Matrix.h" />
    <ClInclude Include="Source\Core\Math\Vector.h" />
    <ClInclude Include="Source\Core\pch.h" />
  </ItemGroup>
</Project>