<?xml version="1.0" encoding="utf-8"?>
<Project ToolsVersion="4.0" xmlns="http://schemas.microsoft.com/developer/msbuild/2003">
  <ItemGroup>
    <Filter Include="Shaders">
      <UniqueIdentifier>{97cbede3-93fb-7ba4-a1a6-00b9ae8a3a41}</UniqueIdentifier>
    </Filter>
    <Filter Include="Source">
      <UniqueIdentifier>{3c2855a9-3872-3ed4-4cd8-92f35c5ba60e}</UniqueIdentifier>
    </Filter>
    <Filter Include="Source\Core">
      <UniqueIdentifier>{e0e4ea99-6596-02d0-9d91-35c934af56dd}</UniqueIdentifier>
    </Filter>
    <Filter Include="Source\Core\Geometry">
      <UniqueIdentifier>{f2ddba27-69cd-45b8-bfee-fc38857c91ad}</UniqueIdentifier>
    </Filter>
    <Filter Include="Source\Core\Math">
      <UniqueIdentifier>{82edaa73-97e0-ab15-659a-bc5a14e575ae}</UniqueIdentifier>
    </Filter>
    <Filter Include="Source\Editor">
      <UniqueIdentifier>{7cb564b8-9562-69cd-aed8-a109686cc5f9}</UniqueIdentifier>
    </Filter>
    <Filter Include="Source\Editor\Viewport">
      <UniqueIdentifier>{f9f7994b-e0f4-a39e-f82a-089aef4d9c88}</UniqueIdentifier>
    </Filter>
    <Filter Include="Source\Engine">
      <UniqueIdentifier>{efa37d23-148e-cf40-dce5-9f7a70519fef}</UniqueIdentifier>
    </Filter>
    <Filter Include="Source\Engine\Components">
      <UniqueIdentifier>{79ebad1d-515e-072b-2b73-8851b1cf00ce}</UniqueIdentifier>
    </Filter>
    <Filter Include="Source\Engine\Render">
      <UniqueIdentifier>{0e2a7bc0-8978-a5a2-ff41-c221358b14a3}</UniqueIdentifier>
    </Filter>
    <Filter Include="Source\Engine\Runtime">
      <UniqueIdentifier>{d185c182-6719-1a41-b039-02180628717e}</UniqueIdentifier>
    </Filter>
    <Filter Include="Source\Engine\Serializer">
      <UniqueIdentifier>{a617ada4-18ff-2c63-dcb6-32fd7d07a29b}</UniqueIdentifier>
    </Filter>
  </ItemGroup>
  <ItemGroup>
    <ClCompile Include="pch.cpp" />
    <ClCompile Include="Source\Editor\EditorEngine.cpp">
      <Filter>Source\Editor</Filter>
    </ClCompile>
    <ClCompile Include="Source\Editor\Viewport\AssetEditorViewportClient.cpp">
      <Filter>Source\Editor\Viewport</Filter>
    </ClCompile>
    <ClCompile Include="Source\Editor\Viewport\EditorViewportClient.cpp">
      <Filter>Source\Editor\Viewport</Filter>
    </ClCompile>
    <ClCompile Include="Source\Editor\Viewport\LevelEditorViewportClient.cpp">
      <Filter>Source\Editor\Viewport</Filter>
    </ClCompile>
    <ClCompile Include="Source\Editor\Viewport\Viewport.cpp">
      <Filter>Source\Editor\Viewport</Filter>
    </ClCompile>
    <ClCompile Include="Source\Editor\Viewport\ViewportClient.cpp">
      <Filter>Source\Editor\Viewport</Filter>
    </ClCompile>
    <ClCompile Include="Source\Engine\Components\ActorComponent.cpp">
      <Filter>Source\Engine\Components</Filter>
    </ClCompile>
    <ClCompile Include="Source\Engine\Components\CubeComponent.cpp">
      <Filter>Source\Engine\Components</Filter>
    </ClCompile>
    <ClCompile Include="Source\Engine\Components\PrimitiveComponent.cpp">
      <Filter>Source\Engine\Components</Filter>
    </ClCompile>
    <ClCompile Include="Source\Engine\Components\SceneComponent.cpp">
      <Filter>Source\Engine\Components</Filter>
    </ClCompile>
    <ClCompile Include="Source\Engine\Components\SphereComponent.cpp">
      <Filter>Source\Engine\Components</Filter>
    </ClCompile>
    <ClCompile Include="Source\Engine\Render\Renderer.cpp">
      <Filter>Source\Engine\Render</Filter>
    </ClCompile>
    <ClCompile Include="Source\Engine\Runtime\Engine.cpp">
      <Filter>Source\Engine\Runtime</Filter>
    </ClCompile>
    <ClCompile Include="Source\Engine\Runtime\EngineLoop.cpp">
      <Filter>Source\Engine\Runtime</Filter>
    </ClCompile>
    <ClCompile Include="Source\Engine\Serializer\SceneSerializer.cpp">
      <Filter>Source\Engine\Serializer</Filter>
    </ClCompile>
    <ClCompile Include="main.cpp" />
    <ClCompile Include="WindowsApplication.cpp" />
  </ItemGroup>
  <ItemGroup>
    <ClInclude Include="Source\Core\CoreTypes.h">
      <Filter>Source\Core</Filter>
    </ClInclude>
    <ClInclude Include="pch.h" />
    <ClInclude Include="Source\Core\Geometry\AABB.h">
      <Filter>Source\Core\Geometry</Filter>
    </ClInclude>
    <ClInclude Include="Source\Core\Geometry\Edge.h">
      <Filter>Source\Core\Geometry</Filter>
    </ClInclude>
    <ClInclude Include="Source\Core\Geometry\Frustum.h">
      <Filter>Source\Core\Geometry</Filter>
    </ClInclude>
    <ClInclude Include="Source\Core\Geometry\OBB.h">
      <Filter>Source\Core\Geometry</Filter>
    </ClInclude>
    <ClInclude Include="Source\Core\Geometry\Plane.h">
      <Filter>Source\Core\Geometry</Filter>
    </ClInclude>
    <ClInclude Include="Source\Core\Geometry\Ray.h">
      <Filter>Source\Core\Geometry</Filter>
    </ClInclude>
    <ClInclude Include="Source\Core\Geometry\Transform.h">
      <Filter>Source\Core\Geometry</Filter>
    </ClInclude>
    <ClInclude Include="Source\Core\Math\Color.h">
      <Filter>Source\Core\Math</Filter>
    </ClInclude>
    <ClInclude Include="Source\Core\Math\Matrix.h">
      <Filter>Source\Core\Math</Filter>
    </ClInclude>
    <ClInclude Include="Source\Core\Math\Quat.h">
      <Filter>Source\Core\Math</Filter>
    </ClInclude>
    <ClInclude Include="Source\Core\Math\Rotator.h">
      <Filter>Source\Core\Math</Filter>
    </ClInclude>
    <ClInclude Include="Source\Core\Math\Utils.h">
      <Filter>Source\Core\Math</Filter>
    </ClInclude>
    <ClInclude Include="Source\Core\Math\Vector.h">
      <Filter>Source\Core\Math</Filter>
    </ClInclude>
    <ClInclude Include="Source\Core\Math\Vector2.h">
      <Filter>Source\Core\Math</Filter>
    </ClInclude>
    <ClInclude Include="Source\Core\Math\Vector4.h">
      <Filter>Source\Core\Math</Filter>
    </ClInclude>
    <ClInclude Include="Source\Editor\EditorEngine.h">
      <Filter>Source\Editor</Filter>
    </ClInclude>
    <ClInclude Include="Source\Editor\Viewport\AssetEditorViewportClient.h">
      <Filter>Source\Editor\Viewport</Filter>
    </ClInclude>
    <ClInclude Include="Source\Editor\Viewport\EditorViewportClient.h">
      <Filter>Source\Editor\Viewport</Filter>
    </ClInclude>
    <ClInclude Include="Source\Editor\Viewport\LevelEditorViewportClient.h">
      <Filter>Source\Editor\Viewport</Filter>
    </ClInclude>
    <ClInclude Include="Source\Editor\Viewport\Viewport.h">
      <Filter>Source\Editor\Viewport</Filter>
    </ClInclude>
    <ClInclude Include="Source\Editor\Viewport\ViewportClient.h">
      <Filter>Source\Editor\Viewport</Filter>
    </ClInclude>
    <ClInclude Include="Source\Engine\Components\ActorComponent.h">
      <Filter>Source\Engine\Components</Filter>
    </ClInclude>
    <ClInclude Include="Source\Engine\Components\CubeComponent.h">
      <Filter>Source\Engine\Components</Filter>
    </ClInclude>
    <ClInclude Include="Source\Engine\Components\PrimitiveComponent.h">
      <Filter>Source\Engine\Components</Filter>
    </ClInclude>
    <ClInclude Include="Source\Engine\Components\SceneComponent.h">
      <Filter>Source\Engine\Components</Filter>
    </ClInclude>
    <ClInclude Include="Source\Engine\Components\SphereComponent.h">
      <Filter>Source\Engine\Components</Filter>
    </ClInclude>
    <ClInclude Include="Source\Engine\Render\Renderer.h">
      <Filter>Source\Engine\Render</Filter>
    </ClInclude>
    <ClInclude Include="Source\Engine\Render\VertexLayouts.h">
      <Filter>Source\Engine\Render</Filter>
    </ClInclude>
    <ClInclude Include="Source\Engine\Runtime\Engine.h">
      <Filter>Source\Engine\Runtime</Filter>
    </ClInclude>
    <ClInclude Include="Source\Engine\Runtime\EngineLoop.h">
      <Filter>Source\Engine\Runtime</Filter>
    </ClInclude>
    <ClInclude Include="Source\Engine\Serializer\SceneSerializer.h">
      <Filter>Source\Engine\Serializer</Filter>
    </ClInclude>
    <ClInclude Include="WindowsApplication.h" />
  </ItemGroup>
  <ItemGroup>
    <FxCompile Include="Shaders\Common.hlsl">
      <Filter>Shaders</Filter>
    </FxCompile>
  </ItemGroup>
</Project>
