<?xml version="1.0" encoding="utf-8"?>
<Project ToolsVersion="4.0" xmlns="http://schemas.microsoft.com/developer/msbuild/2003">
  <ItemGroup>
    <Filter Include="Shaders">
      <UniqueIdentifier>{97cbede3-93fb-7ba4-a1a6-00b9ae8a3a41}</UniqueIdentifier>
    </Filter>
    <Filter Include="Source">
      <UniqueIdentifier>{3c2855a9-3872-3ed4-4cd8-92f35c5ba60e}</UniqueIdentifier>
    </Filter>
    <Filter Include="Source\Editor">
      <UniqueIdentifier>{7cb564b8-9562-69cd-aed8-a109686cc5f9}</UniqueIdentifier>
    </Filter>
    <Filter Include="Source\Editor\Viewport">
      <UniqueIdentifier>{f9f7994b-e0f4-a39e-f82a-089aef4d9c88}</UniqueIdentifier>
    </Filter>
    <Filter Include="Source\Engine">
      <UniqueIdentifier>{efa37d23-148e-cf40-dce5-9f7a70519fef}</UniqueIdentifier>
    </Filter>
    <Filter Include="Source\Engine\Components">
      <UniqueIdentifier>{79ebad1d-515e-072b-2b73-8851b1cf00ce}</UniqueIdentifier>
    </Filter>
    <Filter Include="Source\Engine\Core">
      <UniqueIdentifier>{561a3785-87d4-df8d-6be7-e0c803160c09}</UniqueIdentifier>
    </Filter>
    <Filter Include="Source\Engine\Core\Geometry">
      <UniqueIdentifier>{ce073826-9e2c-bbc8-eee3-c78bcbff4bab}</UniqueIdentifier>
    </Filter>
    <Filter Include="Source\Engine\Core\IO">
      <UniqueIdentifier>{7c98573b-e1f5-666d-e35e-9d8aca267ef9}</UniqueIdentifier>
    </Filter>
    <Filter Include="Source\Engine\Core\Math">
      <UniqueIdentifier>{b7cd01e6-2b49-c3ff-3375-800ac2c80183}</UniqueIdentifier>
    </Filter>
    <Filter Include="Source\Engine\Object">
      <UniqueIdentifier>{958aba12-7e73-2921-694a-d1c50248ec52}</UniqueIdentifier>
    </Filter>
    <Filter Include="Source\Engine\Render">
      <UniqueIdentifier>{0e2a7bc0-8978-a5a2-ff41-c221358b14a3}</UniqueIdentifier>
    </Filter>
    <Filter Include="Source\Engine\Runtime">
      <UniqueIdentifier>{d185c182-6719-1a41-b039-02180628717e}</UniqueIdentifier>
    </Filter>
    <Filter Include="Source\Engine\Serializer">
      <UniqueIdentifier>{a617ada4-18ff-2c63-dcb6-32fd7d07a29b}</UniqueIdentifier>
    </Filter>
  </ItemGroup>
  <ItemGroup>
    <ClCompile Include="C:\Users\Jungle\Desktop\KnotEngine\KnotEngine\main.cpp" />
    <ClCompile Include="C:\Users\Jungle\Desktop\KnotEngine\KnotEngine\pch.cpp" />
    <ClCompile Include="C:\Users\Jungle\Desktop\KnotEngine\KnotEngine\Source\Editor\EditorEngine.cpp">
      <Filter>Source\Editor</Filter>
    </ClCompile>
    <ClCompile Include="C:\Users\Jungle\Desktop\KnotEngine\KnotEngine\Source\Editor\Viewport\AssetEditorViewportClient.cpp">
      <Filter>Source\Editor\Viewport</Filter>
    </ClCompile>
    <ClCompile Include="C:\Users\Jungle\Desktop\KnotEngine\KnotEngine\Source\Editor\Viewport\EditorViewportClient.cpp">
      <Filter>Source\Editor\Viewport</Filter>
    </ClCompile>
    <ClCompile Include="C:\Users\Jungle\Desktop\KnotEngine\KnotEngine\Source\Editor\Viewport\LevelEditorViewportClient.cpp">
      <Filter>Source\Editor\Viewport</Filter>
    </ClCompile>
    <ClCompile Include="C:\Users\Jungle\Desktop\KnotEngine\KnotEngine\Source\Editor\Viewport\Viewport.cpp">
      <Filter>Source\Editor\Viewport</Filter>
    </ClCompile>
    <ClCompile Include="C:\Users\Jungle\Desktop\KnotEngine\KnotEngine\Source\Editor\Viewport\ViewportClient.cpp">
      <Filter>Source\Editor\Viewport</Filter>
    </ClCompile>
    <ClCompile Include="C:\Users\Jungle\Desktop\KnotEngine\KnotEngine\Source\Engine\Components\ActorComponent.cpp">
      <Filter>Source\Engine\Components</Filter>
    </ClCompile>
    <ClCompile Include="C:\Users\Jungle\Desktop\KnotEngine\KnotEngine\Source\Engine\Components\CubeComponent.cpp">
      <Filter>Source\Engine\Components</Filter>
    </ClCompile>
    <ClCompile Include="C:\Users\Jungle\Desktop\KnotEngine\KnotEngine\Source\Engine\Components\PrimitiveComponent.cpp">
      <Filter>Source\Engine\Components</Filter>
    </ClCompile>
    <ClCompile Include="C:\Users\Jungle\Desktop\KnotEngine\KnotEngine\Source\Engine\Components\SceneComponent.cpp">
      <Filter>Source\Engine\Components</Filter>
    </ClCompile>
    <ClCompile Include="C:\Users\Jungle\Desktop\KnotEngine\KnotEngine\Source\Engine\Components\SphereComponent.cpp">
      <Filter>Source\Engine\Components</Filter>
    </ClCompile>
    <ClCompile Include="C:\Users\Jungle\Desktop\KnotEngine\KnotEngine\Source\Engine\Core\IO\Paths.cpp">
      <Filter>Source\Engine\Core\IO</Filter>
    </ClCompile>
    <ClCompile Include="C:\Users\Jungle\Desktop\KnotEngine\KnotEngine\Source\Engine\Core\Math\Matrix.cpp">
      <Filter>Source\Engine\Core\Math</Filter>
    </ClCompile>
    <ClCompile Include="C:\Users\Jungle\Desktop\KnotEngine\KnotEngine\Source\Engine\Core\Math\Quat.cpp">
      <Filter>Source\Engine\Core\Math</Filter>
    </ClCompile>
    <ClCompile Include="C:\Users\Jungle\Desktop\KnotEngine\KnotEngine\Source\Engine\Core\Memory.cpp">
      <Filter>Source\Engine\Core</Filter>
    </ClCompile>
    <ClCompile Include="C:\Users\Jungle\Desktop\KnotEngine\KnotEngine\Source\Engine\Object\Object.cpp">
      <Filter>Source\Engine\Object</Filter>
    </ClCompile>
    <ClCompile Include="C:\Users\Jungle\Desktop\KnotEngine\KnotEngine\Source\Engine\Render\Renderer.cpp">
      <Filter>Source\Engine\Render</Filter>
    </ClCompile>
    <ClCompile Include="C:\Users\Jungle\Desktop\KnotEngine\KnotEngine\Source\Engine\Runtime\Engine.cpp">
      <Filter>Source\Engine\Runtime</Filter>
    </ClCompile>
    <ClCompile Include="C:\Users\Jungle\Desktop\KnotEngine\KnotEngine\Source\Engine\Runtime\EngineLoop.cpp">
      <Filter>Source\Engine\Runtime</Filter>
    </ClCompile>
    <ClCompile Include="C:\Users\Jungle\Desktop\KnotEngine\KnotEngine\Source\Engine\Runtime\GameEngine.cpp">
      <Filter>Source\Engine\Runtime</Filter>
    </ClCompile>
    <ClCompile Include="C:\Users\Jungle\Desktop\KnotEngine\KnotEngine\Source\Engine\Runtime\Launch.cpp">
      <Filter>Source\Engine\Runtime</Filter>
    </ClCompile>
    <ClCompile Include="C:\Users\Jungle\Desktop\KnotEngine\KnotEngine\Source\Engine\Runtime\WindowsApplication.cpp">
      <Filter>Source\Engine\Runtime</Filter>
    </ClCompile>
    <ClCompile Include="C:\Users\Jungle\Desktop\KnotEngine\KnotEngine\Source\Engine\Runtime\WindowsWindow.cpp">
      <Filter>Source\Engine\Runtime</Filter>
    </ClCompile>
    <ClCompile Include="C:\Users\Jungle\Desktop\KnotEngine\KnotEngine\Source\Engine\Serializer\SceneSerializer.cpp">
      <Filter>Source\Engine\Serializer</Filter>
    </ClCompile>
  </ItemGroup>
  <ItemGroup>
    <ClInclude Include="C:\Users\Jungle\Desktop\KnotEngine\KnotEngine\pch.h" />
    <ClInclude Include="C:\Users\Jungle\Desktop\KnotEngine\KnotEngine\Source\Editor\EditorEngine.h">
      <Filter>Source\Editor</Filter>
    </ClInclude>
    <ClInclude Include="C:\Users\Jungle\Desktop\KnotEngine\KnotEngine\Source\Editor\Viewport\AssetEditorViewportClient.h">
      <Filter>Source\Editor\Viewport</Filter>
    </ClInclude>
    <ClInclude Include="C:\Users\Jungle\Desktop\KnotEngine\KnotEngine\Source\Editor\Viewport\EditorViewportClient.h">
      <Filter>Source\Editor\Viewport</Filter>
    </ClInclude>
    <ClInclude Include="C:\Users\Jungle\Desktop\KnotEngine\KnotEngine\Source\Editor\Viewport\LevelEditorViewportClient.h">
      <Filter>Source\Editor\Viewport</Filter>
    </ClInclude>
    <ClInclude Include="C:\Users\Jungle\Desktop\KnotEngine\KnotEngine\Source\Editor\Viewport\Viewport.h">
      <Filter>Source\Editor\Viewport</Filter>
    </ClInclude>
    <ClInclude Include="C:\Users\Jungle\Desktop\KnotEngine\KnotEngine\Source\Editor\Viewport\ViewportClient.h">
      <Filter>Source\Editor\Viewport</Filter>
    </ClInclude>
    <ClInclude Include="C:\Users\Jungle\Desktop\KnotEngine\KnotEngine\Source\Engine\Components\ActorComponent.h">
      <Filter>Source\Engine\Components</Filter>
    </ClInclude>
    <ClInclude Include="C:\Users\Jungle\Desktop\KnotEngine\KnotEngine\Source\Engine\Components\CubeComponent.h">
      <Filter>Source\Engine\Components</Filter>
    </ClInclude>
    <ClInclude Include="C:\Users\Jungle\Desktop\KnotEngine\KnotEngine\Source\Engine\Components\PrimitiveComponent.h">
      <Filter>Source\Engine\Components</Filter>
    </ClInclude>
    <ClInclude Include="C:\Users\Jungle\Desktop\KnotEngine\KnotEngine\Source\Engine\Components\SceneComponent.h">
      <Filter>Source\Engine\Components</Filter>
    </ClInclude>
    <ClInclude Include="C:\Users\Jungle\Desktop\KnotEngine\KnotEngine\Source\Engine\Components\SphereComponent.h">
      <Filter>Source\Engine\Components</Filter>
    </ClInclude>
    <ClInclude Include="C:\Users\Jungle\Desktop\KnotEngine\KnotEngine\Source\Engine\Core\Assert.h">
      <Filter>Source\Engine\Core</Filter>
    </ClInclude>
    <ClInclude Include="C:\Users\Jungle\Desktop\KnotEngine\KnotEngine\Source\Engine\Core\CoreTypes.h">
      <Filter>Source\Engine\Core</Filter>
    </ClInclude>
    <ClInclude Include="C:\Users\Jungle\Desktop\KnotEngine\KnotEngine\Source\Engine\Core\Debug.h">
      <Filter>Source\Engine\Core</Filter>
    </ClInclude>
    <ClInclude Include="C:\Users\Jungle\Desktop\KnotEngine\KnotEngine\Source\Engine\Core\Geometry\AABB.h">
      <Filter>Source\Engine\Core\Geometry</Filter>
    </ClInclude>
    <ClInclude Include="C:\Users\Jungle\Desktop\KnotEngine\KnotEngine\Source\Engine\Core\Geometry\Edge.h">
      <Filter>Source\Engine\Core\Geometry</Filter>
    </ClInclude>
    <ClInclude Include="C:\Users\Jungle\Desktop\KnotEngine\KnotEngine\Source\Engine\Core\Geometry\Frustum.h">
      <Filter>Source\Engine\Core\Geometry</Filter>
    </ClInclude>
    <ClInclude Include="C:\Users\Jungle\Desktop\KnotEngine\KnotEngine\Source\Engine\Core\Geometry\OBB.h">
      <Filter>Source\Engine\Core\Geometry</Filter>
    </ClInclude>
    <ClInclude Include="C:\Users\Jungle\Desktop\KnotEngine\KnotEngine\Source\Engine\Core\Geometry\Plane.h">
      <Filter>Source\Engine\Core\Geometry</Filter>
    </ClInclude>
    <ClInclude Include="C:\Users\Jungle\Desktop\KnotEngine\KnotEngine\Source\Engine\Core\Geometry\Ray.h">
      <Filter>Source\Engine\Core\Geometry</Filter>
    </ClInclude>
    <ClInclude Include="C:\Users\Jungle\Desktop\KnotEngine\KnotEngine\Source\Engine\Core\Geometry\Transform.h">
      <Filter>Source\Engine\Core\Geometry</Filter>
    </ClInclude>
    <ClInclude Include="C:\Users\Jungle\Desktop\KnotEngine\KnotEngine\Source\Engine\Core\IO\Paths.h">
      <Filter>Source\Engine\Core\IO</Filter>
    </ClInclude>
    <ClInclude Include="C:\Users\Jungle\Desktop\KnotEngine\KnotEngine\Source\Engine\Core\Math\Color.h">
      <Filter>Source\Engine\Core\Math</Filter>
    </ClInclude>
    <ClInclude Include="C:\Users\Jungle\Desktop\KnotEngine\KnotEngine\Source\Engine\Core\Math\Matrix.h">
      <Filter>Source\Engine\Core\Math</Filter>
    </ClInclude>
    <ClInclude Include="C:\Users\Jungle\Desktop\KnotEngine\KnotEngine\Source\Engine\Core\Math\Quat.h">
      <Filter>Source\Engine\Core\Math</Filter>
    </ClInclude>
    <ClInclude Include="C:\Users\Jungle\Desktop\KnotEngine\KnotEngine\Source\Engine\Core\Math\Rotator.h">
      <Filter>Source\Engine\Core\Math</Filter>
    </ClInclude>
    <ClInclude Include="C:\Users\Jungle\Desktop\KnotEngine\KnotEngine\Source\Engine\Core\Math\Utils.h">
      <Filter>Source\Engine\Core\Math</Filter>
    </ClInclude>
    <ClInclude Include="C:\Users\Jungle\Desktop\KnotEngine\KnotEngine\Source\Engine\Core\Math\Vector.h">
      <Filter>Source\Engine\Core\Math</Filter>
    </ClInclude>
    <ClInclude Include="C:\Users\Jungle\Desktop\KnotEngine\KnotEngine\Source\Engine\Core\Math\Vector2.h">
      <Filter>Source\Engine\Core\Math</Filter>
    </ClInclude>
    <ClInclude Include="C:\Users\Jungle\Desktop\KnotEngine\KnotEngine\Source\Engine\Core\Math\Vector4.h">
      <Filter>Source\Engine\Core\Math</Filter>
    </ClInclude>
    <ClInclude Include="C:\Users\Jungle\Desktop\KnotEngine\KnotEngine\Source\Engine\Core\Memory.h">
      <Filter>Source\Engine\Core</Filter>
    </ClInclude>
    <ClInclude Include="C:\Users\Jungle\Desktop\KnotEngine\KnotEngine\Source\Engine\Core\Singleton.h">
      <Filter>Source\Engine\Core</Filter>
    </ClInclude>
    <ClInclude Include="C:\Users\Jungle\Desktop\KnotEngine\KnotEngine\Source\Engine\Object\Class.h">
      <Filter>Source\Engine\Object</Filter>
    </ClInclude>
    <ClInclude Include="C:\Users\Jungle\Desktop\KnotEngine\KnotEngine\Source\Engine\Object\Object.h">
      <Filter>Source\Engine\Object</Filter>
    </ClInclude>
    <ClInclude Include="C:\Users\Jungle\Desktop\KnotEngine\KnotEngine\Source\Engine\Object\ObjectStatics.h">
      <Filter>Source\Engine\Object</Filter>
    </ClInclude>
    <ClInclude Include="C:\Users\Jungle\Desktop\KnotEngine\KnotEngine\Source\Engine\Render\Renderer.h">
      <Filter>Source\Engine\Render</Filter>
    </ClInclude>
    <ClInclude Include="C:\Users\Jungle\Desktop\KnotEngine\KnotEngine\Source\Engine\Render\VertexLayouts.h">
      <Filter>Source\Engine\Render</Filter>
    </ClInclude>
    <ClInclude Include="C:\Users\Jungle\Desktop\KnotEngine\KnotEngine\Source\Engine\Runtime\Engine.h">
      <Filter>Source\Engine\Runtime</Filter>
    </ClInclude>
    <ClInclude Include="C:\Users\Jungle\Desktop\KnotEngine\KnotEngine\Source\Engine\Runtime\EngineLoop.h">
      <Filter>Source\Engine\Runtime</Filter>
    </ClInclude>
    <ClInclude Include="C:\Users\Jungle\Desktop\KnotEngine\KnotEngine\Source\Engine\Runtime\GameEngine.h">
      <Filter>Source\Engine\Runtime</Filter>
    </ClInclude>
    <ClInclude Include="C:\Users\Jungle\Desktop\KnotEngine\KnotEngine\Source\Engine\Runtime\Launch.h">
      <Filter>Source\Engine\Runtime</Filter>
    </ClInclude>
    <ClInclude Include="C:\Users\Jungle\Desktop\KnotEngine\KnotEngine\Source\Engine\Runtime\WindowsApplication.h">
      <Filter>Source\Engine\Runtime</Filter>
    </ClInclude>
    <ClInclude Include="C:\Users\Jungle\Desktop\KnotEngine\KnotEngine\Source\Engine\Runtime\WindowsWindow.h">
      <Filter>Source\Engine\Runtime</Filter>
    </ClInclude>
    <ClInclude Include="C:\Users\Jungle\Desktop\KnotEngine\KnotEngine\Source\Engine\Serializer\SceneSerializer.h">
      <Filter>Source\Engine\Serializer</Filter>
    </ClInclude>
  </ItemGroup>
  <ItemGroup>
    <None Include="C:\Users\Jungle\Desktop\KnotEngine\KnotEngine\Shaders\Common.hlsl">
      <Filter>Shaders</Filter>
    </None>
  </ItemGroup>
</Project>
